
Microsoft Visual Studio Solution File, Format Version 12.00
# Blend for Visual Studio Version 17
VisualStudioVersion = 17.7.34024.191
MinimumVisualStudioVersion = 10.0.40219.1
Project("{FAE04EC0-301F-11D3-BF4B-00C04F79EFBC}") = "WpfProfessionalUI", "WpfProfessionalUI.csproj", "{099696EF-C12C-4DFD-BC98-8C8136CB6002}"
EndProject
Global
	GlobalSection(SolutionConfigurationPlatforms) = preSolution
		Debug|Any CPU = Debug|Any CPU
		Release|Any CPU = Release|Any CPU
	EndGlobalSection
	GlobalSection(ProjectConfigurationPlatforms) = postSolution
		{099696EF-C12C-4DFD-BC98-8C8136CB6002}.Debug|Any CPU.ActiveCfg = Debug|Any CPU
		{099696EF-C12C-4DFD-BC98-8C8136CB6002}.Debug|Any CPU.Build.0 = Debug|Any CPU
		{099696EF-C12C-4DFD-BC98-8C8136CB6002}.Release|Any CPU.ActiveCfg = Release|Any CPU
		{099696EF-C12C-4DFD-BC98-8C8136CB6002}.Release|Any CPU.Build.0 = Release|Any CPU
	EndGlobalSection
	GlobalSection(SolutionProperties) = preSolution
		HideSolutionNode = FALSE
	EndGlobalSection
	GlobalSection(ExtensibilityGlobals) = postSolution
		SolutionGuid = {550024C9-B2B5-4AE5-9E65-FC5C5C409D70}
	EndGlobalSection
EndGlobal
